
Microsoft Visual Studio Solution File, Format Version 12.00
# Visual Studio 2012
Project("{FAE04EC0-301F-11D3-BF4B-00C04F79EFBC}") = "House Plotter", "House Plotter\House Plotter.csproj", "{E894C140-8077-482D-9801-4D7D47BC3506}"
EndProject
Global
	GlobalSection(SolutionConfigurationPlatforms) = preSolution
		Debug|Any CPU = Debug|Any CPU
		Debug|x86 = Debug|x86
		Release|Any CPU = Release|Any CPU
		Release|x86 = Release|x86
	EndGlobalSection
	GlobalSection(ProjectConfigurationPlatforms) = postSolution
		{E894C140-8077-482D-9801-4D7D47BC3506}.Debug|Any CPU.ActiveCfg = Release|x86
		{E894C140-8077-482D-9801-4D7D47BC3506}.Debug|Any CPU.Build.0 = Release|x86
		{E894C140-8077-482D-9801-4D7D47BC3506}.Debug|x86.ActiveCfg = Debug|x86
		{E894C140-8077-482D-9801-4D7D47BC3506}.Debug|x86.Build.0 = Debug|x86
		{E894C140-8077-482D-9801-4D7D47BC3506}.Release|Any CPU.ActiveCfg = Release|Any CPU
		{E894C140-8077-482D-9801-4D7D47BC3506}.Release|Any CPU.Build.0 = Release|Any CPU
		{E894C140-8077-482D-9801-4D7D47BC3506}.Release|x86.ActiveCfg = Release|x86
		{E894C140-8077-482D-9801-4D7D47BC3506}.Release|x86.Build.0 = Release|x86
	EndGlobalSection
	GlobalSection(SolutionProperties) = preSolution
		HideSolutionNode = FALSE
	EndGlobalSection
EndGlobal
